{
  "name": "workspaces-demo",
  "lockfileVersion": 3,
  "requires": true,
  "packages": {
    "": {
      "name": "workspaces-demo",
      "workspaces": [
        "services/*",
        "packages/javascript/*"
      ]
    },
    "node_modules/@axsm-nathan/hello-world": {
      "resolved": "packages/javascript/hello-world",
      "link": true
    },
    "packages/javascript/hello-world": {
      "name": "@axsm-nathan/hello-world",
      "version": "1.0.0"
    }
  }
}
